
Microsoft Visual Studio Solution File, Format Version 12.00
# Visual Studio Version 17
VisualStudioVersion = 17.11.35222.181
MinimumVisualStudioVersion = 10.0.40219.1
Project("{FAE04EC0-301F-11D3-BF4B-00C04F79EFBC}") = "Multi_Room_Chatting_Client", "Multi_Room_Chatting_Client.csproj", "{95A9B9CC-C4E3-43FB-8770-2799E1DB0569}"
EndProject
Global
	GlobalSection(SolutionConfigurationPlatforms) = preSolution
		Debug|Any CPU = Debug|Any CPU
		Release|Any CPU = Release|Any CPU
	EndGlobalSection
	GlobalSection(ProjectConfigurationPlatforms) = postSolution
		{95A9B9CC-C4E3-43FB-8770-2799E1DB0569}.Debug|Any CPU.ActiveCfg = Debug|Any CPU
		{95A9B9CC-C4E3-43FB-8770-2799E1DB0569}.Debug|Any CPU.Build.0 = Debug|Any CPU
		{95A9B9CC-C4E3-43FB-8770-2799E1DB0569}.Release|Any CPU.ActiveCfg = Release|Any CPU
		{95A9B9CC-C4E3-43FB-8770-2799E1DB0569}.Release|Any CPU.Build.0 = Release|Any CPU
	EndGlobalSection
	GlobalSection(SolutionProperties) = preSolution
		HideSolutionNode = FALSE
	EndGlobalSection
	GlobalSection(ExtensibilityGlobals) = postSolution
		SolutionGuid = {59444412-A037-4C53-A78A-19732C22AC48}
	EndGlobalSection
EndGlobal
